<?xml version="1.0" encoding="utf-8"?>
<Project ToolsVersion="17.0" xmlns="http://schemas.microsoft.com/developer/msbuild/2003">
  <ItemGroup>
    <ClCompile Include="C:\opencv\opencv_contrib\modules\img_hash\test\test_average_hash.cpp">
      <Filter>Src</Filter>
    </ClCompile>
    <ClCompile Include="C:\opencv\opencv_contrib\modules\img_hash\test\test_block_mean_hash.cpp">
      <Filter>Src</Filter>
    </ClCompile>
    <ClCompile Include="C:\opencv\opencv_contrib\modules\img_hash\test\test_main.cpp">
      <Filter>Src</Filter>
    </ClCompile>
    <ClCompile Include="C:\opencv\opencv_contrib\modules\img_hash\test\test_marr_hildreth_hash.cpp">
      <Filter>Src</Filter>
    </ClCompile>
    <ClCompile Include="C:\opencv\opencv_contrib\modules\img_hash\test\test_phash.cpp">
      <Filter>Src</Filter>
    </ClCompile>
    <ClCompile Include="C:\opencv\opencv_contrib\modules\img_hash\test\test_radial_variance_hash.cpp">
      <Filter>Src</Filter>
    </ClCompile>
  </ItemGroup>
  <ItemGroup>
    <ClInclude Include="C:\opencv\opencv_contrib\modules\img_hash\test\test_precomp.hpp">
      <Filter>Include</Filter>
    </ClInclude>
  </ItemGroup>
  <ItemGroup>
    <Filter Include="Include">
      <UniqueIdentifier>{744BC596-910E-30DA-8D3E-86B0608CBEDF}</UniqueIdentifier>
    </Filter>
    <Filter Include="Src">
      <UniqueIdentifier>{93DAA5A0-1628-361B-8C59-68952B15E61F}</UniqueIdentifier>
    </Filter>
  </ItemGroup>
</Project>
