<?xml version="1.0" encoding="utf-8"?>
<Project ToolsVersion="17.0" xmlns="http://schemas.microsoft.com/developer/msbuild/2003">
  <ItemGroup>
    <ClCompile Include="C:\opencv\opencv\modules\objdetect\test\opencl\test_hogdetector.cpp">
      <Filter>opencv_objdetect\Src\opencl</Filter>
    </ClCompile>
    <ClCompile Include="C:\opencv\opencv\modules\objdetect\test\test_aruco_tutorial.cpp">
      <Filter>opencv_objdetect\Src</Filter>
    </ClCompile>
    <ClCompile Include="C:\opencv\opencv\modules\objdetect\test\test_aruco_utils.cpp">
      <Filter>opencv_objdetect\Src</Filter>
    </ClCompile>
    <ClCompile Include="C:\opencv\opencv\modules\objdetect\test\test_arucodetection.cpp">
      <Filter>opencv_objdetect\Src</Filter>
    </ClCompile>
    <ClCompile Include="C:\opencv\opencv\modules\objdetect\test\test_barcode.cpp">
      <Filter>opencv_objdetect\Src</Filter>
    </ClCompile>
    <ClCompile Include="C:\opencv\opencv\modules\objdetect\test\test_boarddetection.cpp">
      <Filter>opencv_objdetect\Src</Filter>
    </ClCompile>
    <ClCompile Include="C:\opencv\opencv\modules\objdetect\test\test_cascadeandhog.cpp">
      <Filter>opencv_objdetect\Src</Filter>
    </ClCompile>
    <ClCompile Include="C:\opencv\opencv\modules\objdetect\test\test_charucodetection.cpp">
      <Filter>opencv_objdetect\Src</Filter>
    </ClCompile>
    <ClCompile Include="C:\opencv\opencv\modules\objdetect\test\test_face.cpp">
      <Filter>opencv_objdetect\Src</Filter>
    </ClCompile>
    <ClCompile Include="C:\opencv\opencv\modules\objdetect\test\test_main.cpp">
      <Filter>opencv_objdetect\Src</Filter>
    </ClCompile>
    <ClCompile Include="C:\opencv\opencv\modules\objdetect\test\test_qrcode.cpp">
      <Filter>opencv_objdetect\Src</Filter>
    </ClCompile>
    <ClCompile Include="C:\opencv\opencv\modules\objdetect\test\test_qrcode_encode.cpp">
      <Filter>opencv_objdetect\Src</Filter>
    </ClCompile>
  </ItemGroup>
  <ItemGroup>
    <ClInclude Include="C:\opencv\opencv\modules\objdetect\test\test_aruco_utils.hpp">
      <Filter>opencv_objdetect\Include</Filter>
    </ClInclude>
    <ClInclude Include="C:\opencv\opencv\modules\objdetect\test\test_precomp.hpp">
      <Filter>opencv_objdetect\Include</Filter>
    </ClInclude>
    <ClInclude Include="C:\opencv\opencv\modules\objdetect\test\test_qr_utils.hpp">
      <Filter>opencv_objdetect\Include</Filter>
    </ClInclude>
  </ItemGroup>
  <ItemGroup>
    <Filter Include="opencv_objdetect">
      <UniqueIdentifier>{FAEFAFBB-7987-3BF9-A322-603A840F5079}</UniqueIdentifier>
    </Filter>
    <Filter Include="opencv_objdetect\Include">
      <UniqueIdentifier>{5DB8EEC6-3034-3E46-B09F-4D1288AA9557}</UniqueIdentifier>
    </Filter>
    <Filter Include="opencv_objdetect\Src">
      <UniqueIdentifier>{F6E59ACA-4CC5-359C-8712-06666231B2B7}</UniqueIdentifier>
    </Filter>
    <Filter Include="opencv_objdetect\Src\opencl">
      <UniqueIdentifier>{7C95B052-4AF5-3EF6-A8E9-BE2B45B8233C}</UniqueIdentifier>
    </Filter>
  </ItemGroup>
</Project>
