<?xml version="1.0" encoding="utf-8"?>
<Project ToolsVersion="17.0" xmlns="http://schemas.microsoft.com/developer/msbuild/2003">
  <ItemGroup>
    <ClCompile Include="C:\opencv\opencv\modules\calib3d\perf\opencl\perf_stereobm.cpp">
      <Filter>opencv_calib3d\Src\opencl</Filter>
    </ClCompile>
    <ClCompile Include="C:\opencv\opencv\modules\calib3d\perf\perf_affine2d.cpp">
      <Filter>opencv_calib3d\Src</Filter>
    </ClCompile>
    <ClCompile Include="C:\opencv\opencv\modules\calib3d\perf\perf_calibratecamera.cpp">
      <Filter>opencv_calib3d\Src</Filter>
    </ClCompile>
    <ClCompile Include="C:\opencv\opencv\modules\calib3d\perf\perf_cicrlesGrid.cpp">
      <Filter>opencv_calib3d\Src</Filter>
    </ClCompile>
    <ClCompile Include="C:\opencv\opencv\modules\calib3d\perf\perf_main.cpp">
      <Filter>opencv_calib3d\Src</Filter>
    </ClCompile>
    <ClCompile Include="C:\opencv\opencv\modules\calib3d\perf\perf_pnp.cpp">
      <Filter>opencv_calib3d\Src</Filter>
    </ClCompile>
    <ClCompile Include="C:\opencv\opencv\modules\calib3d\perf\perf_stereosgbm.cpp">
      <Filter>opencv_calib3d\Src</Filter>
    </ClCompile>
    <ClCompile Include="C:\opencv\opencv\modules\calib3d\perf\perf_translation2d.cpp">
      <Filter>opencv_calib3d\Src</Filter>
    </ClCompile>
    <ClCompile Include="C:\opencv\opencv\modules\calib3d\perf\perf_undistort.cpp">
      <Filter>opencv_calib3d\Src</Filter>
    </ClCompile>
  </ItemGroup>
  <ItemGroup>
    <ClInclude Include="C:\opencv\opencv\modules\calib3d\perf\perf_precomp.hpp">
      <Filter>opencv_calib3d\Include</Filter>
    </ClInclude>
  </ItemGroup>
  <ItemGroup>
    <Filter Include="opencv_calib3d">
      <UniqueIdentifier>{22830742-92CF-3BF6-BB85-537A214AA483}</UniqueIdentifier>
    </Filter>
    <Filter Include="opencv_calib3d\Include">
      <UniqueIdentifier>{B20DABCD-79AE-31E1-BC73-36539E7EA390}</UniqueIdentifier>
    </Filter>
    <Filter Include="opencv_calib3d\Src">
      <UniqueIdentifier>{92D6FF0E-269A-33F4-B52A-40DA74CDE2A7}</UniqueIdentifier>
    </Filter>
    <Filter Include="opencv_calib3d\Src\opencl">
      <UniqueIdentifier>{0DD2C6FA-7EFC-374C-BED6-F2C5C11EEF2E}</UniqueIdentifier>
    </Filter>
  </ItemGroup>
</Project>
