<?xml version="1.0" encoding="utf-8"?>
<Project ToolsVersion="17.0" xmlns="http://schemas.microsoft.com/developer/msbuild/2003">
  <ItemGroup>
    <ClCompile Include="C:\opencv\opencv\modules\stitching\perf\opencl\perf_stitch.cpp">
      <Filter>opencv_stitching\Src\opencl</Filter>
    </ClCompile>
    <ClCompile Include="C:\opencv\opencv\modules\stitching\perf\opencl\perf_warpers.cpp">
      <Filter>opencv_stitching\Src\opencl</Filter>
    </ClCompile>
    <ClCompile Include="C:\opencv\opencv\modules\stitching\perf\perf_estimators.cpp">
      <Filter>opencv_stitching\Src</Filter>
    </ClCompile>
    <ClCompile Include="C:\opencv\opencv\modules\stitching\perf\perf_main.cpp">
      <Filter>opencv_stitching\Src</Filter>
    </ClCompile>
    <ClCompile Include="C:\opencv\opencv\modules\stitching\perf\perf_matchers.cpp">
      <Filter>opencv_stitching\Src</Filter>
    </ClCompile>
    <ClCompile Include="C:\opencv\opencv\modules\stitching\perf\perf_stich.cpp">
      <Filter>opencv_stitching\Src</Filter>
    </ClCompile>
  </ItemGroup>
  <ItemGroup>
    <ClInclude Include="C:\opencv\opencv\modules\stitching\perf\perf_precomp.hpp">
      <Filter>opencv_stitching\Include</Filter>
    </ClInclude>
  </ItemGroup>
  <ItemGroup>
    <Filter Include="opencv_stitching">
      <UniqueIdentifier>{4E0A2001-8CCC-36E7-A333-F81E1C6B576C}</UniqueIdentifier>
    </Filter>
    <Filter Include="opencv_stitching\Include">
      <UniqueIdentifier>{2F23E461-8E48-370F-8F55-FA6989B9CA6E}</UniqueIdentifier>
    </Filter>
    <Filter Include="opencv_stitching\Src">
      <UniqueIdentifier>{954873E2-7FE7-3E7F-A151-1F6EF44F3438}</UniqueIdentifier>
    </Filter>
    <Filter Include="opencv_stitching\Src\opencl">
      <UniqueIdentifier>{6CD3FC0B-F9F4-3D01-B3DF-673C713D88FF}</UniqueIdentifier>
    </Filter>
  </ItemGroup>
</Project>
