<?xml version="1.0" encoding="utf-8"?>
<Project ToolsVersion="17.0" xmlns="http://schemas.microsoft.com/developer/msbuild/2003">
  <ItemGroup>
    <ClCompile Include="C:\opencv\opencv\modules\flann\test\test_lshtable_badarg.cpp">
      <Filter>opencv_flann\Src</Filter>
    </ClCompile>
    <ClCompile Include="C:\opencv\opencv\modules\flann\test\test_main.cpp">
      <Filter>opencv_flann\Src</Filter>
    </ClCompile>
  </ItemGroup>
  <ItemGroup>
    <ClInclude Include="C:\opencv\opencv\modules\flann\test\test_precomp.hpp">
      <Filter>opencv_flann\Include</Filter>
    </ClInclude>
  </ItemGroup>
  <ItemGroup>
    <Filter Include="opencv_flann">
      <UniqueIdentifier>{511C50B4-53DF-33CC-82B0-3E8FF3B7C4D6}</UniqueIdentifier>
    </Filter>
    <Filter Include="opencv_flann\Include">
      <UniqueIdentifier>{FAD82C4A-E8F0-3C0F-92E1-973D7473826B}</UniqueIdentifier>
    </Filter>
    <Filter Include="opencv_flann\Src">
      <UniqueIdentifier>{97CD9AF4-7A98-306C-9F54-4BDD9D1D3F7D}</UniqueIdentifier>
    </Filter>
  </ItemGroup>
</Project>
