<?xml version="1.0" encoding="utf-8"?>
<Project ToolsVersion="17.0" xmlns="http://schemas.microsoft.com/developer/msbuild/2003">
  <ItemGroup>
    <ClCompile Include="C:\opencv\opencv\modules\dnn\perf\perf_caffe.cpp">
      <Filter>Src</Filter>
    </ClCompile>
    <ClCompile Include="C:\opencv\opencv\modules\dnn\perf\perf_common.cpp">
      <Filter>Src</Filter>
    </ClCompile>
    <ClCompile Include="C:\opencv\opencv\modules\dnn\perf\perf_convolution.cpp">
      <Filter>Src</Filter>
    </ClCompile>
    <ClCompile Include="C:\opencv\opencv\modules\dnn\perf\perf_convolution1d.cpp">
      <Filter>Src</Filter>
    </ClCompile>
    <ClCompile Include="C:\opencv\opencv\modules\dnn\perf\perf_convolution3d.cpp">
      <Filter>Src</Filter>
    </ClCompile>
    <ClCompile Include="C:\opencv\opencv\modules\dnn\perf\perf_einsum.cpp">
      <Filter>Src</Filter>
    </ClCompile>
    <ClCompile Include="C:\opencv\opencv\modules\dnn\perf\perf_gemm.cpp">
      <Filter>Src</Filter>
    </ClCompile>
    <ClCompile Include="C:\opencv\opencv\modules\dnn\perf\perf_layer.cpp">
      <Filter>Src</Filter>
    </ClCompile>
    <ClCompile Include="C:\opencv\opencv\modules\dnn\perf\perf_main.cpp">
      <Filter>Src</Filter>
    </ClCompile>
    <ClCompile Include="C:\opencv\opencv\modules\dnn\perf\perf_net.cpp">
      <Filter>Src</Filter>
    </ClCompile>
    <ClCompile Include="C:\opencv\opencv\modules\dnn\perf\perf_recurrent.cpp">
      <Filter>Src</Filter>
    </ClCompile>
    <ClCompile Include="C:\opencv\opencv\modules\dnn\perf\perf_resize.cpp">
      <Filter>Src</Filter>
    </ClCompile>
    <ClCompile Include="C:\opencv\opencv\modules\dnn\perf\perf_slice.cpp">
      <Filter>Src</Filter>
    </ClCompile>
    <ClCompile Include="C:\opencv\opencv\modules\dnn\perf\perf_utils.cpp">
      <Filter>Src</Filter>
    </ClCompile>
  </ItemGroup>
  <ItemGroup>
    <ClInclude Include="C:\opencv\opencv\modules\dnn\test\test_common.hpp">
      <Filter>test_common</Filter>
    </ClInclude>
    <ClInclude Include="C:\opencv\opencv\modules\dnn\test\test_common.impl.hpp">
      <Filter>test_common</Filter>
    </ClInclude>
    <ClInclude Include="C:\opencv\opencv\modules\dnn\perf\perf_precomp.hpp">
      <Filter>Include</Filter>
    </ClInclude>
  </ItemGroup>
  <ItemGroup>
    <Filter Include="Include">
      <UniqueIdentifier>{744BC596-910E-30DA-8D3E-86B0608CBEDF}</UniqueIdentifier>
    </Filter>
    <Filter Include="Src">
      <UniqueIdentifier>{93DAA5A0-1628-361B-8C59-68952B15E61F}</UniqueIdentifier>
    </Filter>
    <Filter Include="test_common">
      <UniqueIdentifier>{CEBD2AD7-B422-3748-84B2-1B86C65AA5F5}</UniqueIdentifier>
    </Filter>
  </ItemGroup>
</Project>
