<?xml version="1.0" encoding="utf-8"?>
<Project ToolsVersion="17.0" xmlns="http://schemas.microsoft.com/developer/msbuild/2003">
  <ItemGroup>
    <ClCompile Include="C:\opencv\opencv\modules\gapi\perf\common\gapi_core_perf_tests.cpp">
      <Filter>opencv_gapi\Src\common</Filter>
    </ClCompile>
    <ClCompile Include="C:\opencv\opencv\modules\gapi\perf\common\gapi_imgproc_perf_tests.cpp">
      <Filter>opencv_gapi\Src\common</Filter>
    </ClCompile>
    <ClCompile Include="C:\opencv\opencv\modules\gapi\perf\common\gapi_render_perf_tests.cpp">
      <Filter>opencv_gapi\Src\common</Filter>
    </ClCompile>
    <ClCompile Include="C:\opencv\opencv\modules\gapi\perf\common\gapi_video_perf_tests.cpp">
      <Filter>opencv_gapi\Src\common</Filter>
    </ClCompile>
    <ClCompile Include="C:\opencv\opencv\modules\gapi\perf\cpu\gapi_core_perf_tests_cpu.cpp">
      <Filter>opencv_gapi\Src\cpu</Filter>
    </ClCompile>
    <ClCompile Include="C:\opencv\opencv\modules\gapi\perf\cpu\gapi_core_perf_tests_fluid.cpp">
      <Filter>opencv_gapi\Src\cpu</Filter>
    </ClCompile>
    <ClCompile Include="C:\opencv\opencv\modules\gapi\perf\cpu\gapi_imgproc_perf_tests_cpu.cpp">
      <Filter>opencv_gapi\Src\cpu</Filter>
    </ClCompile>
    <ClCompile Include="C:\opencv\opencv\modules\gapi\perf\cpu\gapi_imgproc_perf_tests_fluid.cpp">
      <Filter>opencv_gapi\Src\cpu</Filter>
    </ClCompile>
    <ClCompile Include="C:\opencv\opencv\modules\gapi\perf\cpu\gapi_video_perf_tests_cpu.cpp">
      <Filter>opencv_gapi\Src\cpu</Filter>
    </ClCompile>
    <ClCompile Include="C:\opencv\opencv\modules\gapi\perf\gpu\gapi_core_perf_tests_gpu.cpp">
      <Filter>opencv_gapi\Src\gpu</Filter>
    </ClCompile>
    <ClCompile Include="C:\opencv\opencv\modules\gapi\perf\gpu\gapi_imgproc_perf_tests_gpu.cpp">
      <Filter>opencv_gapi\Src\gpu</Filter>
    </ClCompile>
    <ClCompile Include="C:\opencv\opencv\modules\gapi\perf\internal\gapi_compiler_perf_tests.cpp">
      <Filter>opencv_gapi\Src\internal</Filter>
    </ClCompile>
    <ClCompile Include="C:\opencv\opencv\modules\gapi\perf\perf_bench.cpp">
      <Filter>opencv_gapi\Src</Filter>
    </ClCompile>
    <ClCompile Include="C:\opencv\opencv\modules\gapi\perf\perf_main.cpp">
      <Filter>opencv_gapi\Src</Filter>
    </ClCompile>
    <ClCompile Include="C:\opencv\opencv\modules\gapi\perf\render\gapi_render_perf_tests_ocv.cpp">
      <Filter>opencv_gapi\Src\render</Filter>
    </ClCompile>
    <ClCompile Include="C:\opencv\opencv\modules\gapi\perf\streaming\gapi_streaming_source_perf_tests.cpp">
      <Filter>opencv_gapi\Src\streaming</Filter>
    </ClCompile>
  </ItemGroup>
  <ItemGroup>
    <ClInclude Include="C:\opencv\opencv\modules\gapi\perf\common\gapi_core_perf_tests.hpp">
      <Filter>opencv_gapi\Include\common</Filter>
    </ClInclude>
    <ClInclude Include="C:\opencv\opencv\modules\gapi\perf\common\gapi_core_perf_tests_inl.hpp">
      <Filter>opencv_gapi\Include\common</Filter>
    </ClInclude>
    <ClInclude Include="C:\opencv\opencv\modules\gapi\perf\common\gapi_imgproc_perf_tests.hpp">
      <Filter>opencv_gapi\Include\common</Filter>
    </ClInclude>
    <ClInclude Include="C:\opencv\opencv\modules\gapi\perf\common\gapi_imgproc_perf_tests_inl.hpp">
      <Filter>opencv_gapi\Include\common</Filter>
    </ClInclude>
    <ClInclude Include="C:\opencv\opencv\modules\gapi\perf\common\gapi_render_perf_tests.hpp">
      <Filter>opencv_gapi\Include\common</Filter>
    </ClInclude>
    <ClInclude Include="C:\opencv\opencv\modules\gapi\perf\common\gapi_render_perf_tests_inl.hpp">
      <Filter>opencv_gapi\Include\common</Filter>
    </ClInclude>
    <ClInclude Include="C:\opencv\opencv\modules\gapi\perf\common\gapi_video_perf_tests.hpp">
      <Filter>opencv_gapi\Include\common</Filter>
    </ClInclude>
    <ClInclude Include="C:\opencv\opencv\modules\gapi\perf\common\gapi_video_perf_tests_inl.hpp">
      <Filter>opencv_gapi\Include\common</Filter>
    </ClInclude>
    <ClInclude Include="C:\opencv\opencv\modules\gapi\perf\perf_precomp.hpp">
      <Filter>opencv_gapi\Include</Filter>
    </ClInclude>
  </ItemGroup>
  <ItemGroup>
    <Filter Include="opencv_gapi">
      <UniqueIdentifier>{6BD4F416-89AA-3583-90DF-BA1E18E61087}</UniqueIdentifier>
    </Filter>
    <Filter Include="opencv_gapi\Include">
      <UniqueIdentifier>{F4E8F765-B77C-31AF-9875-BCB3155AF639}</UniqueIdentifier>
    </Filter>
    <Filter Include="opencv_gapi\Include\common">
      <UniqueIdentifier>{B77D6465-8AD5-30AC-A49D-F894F6381E43}</UniqueIdentifier>
    </Filter>
    <Filter Include="opencv_gapi\Src">
      <UniqueIdentifier>{D0CDBB3F-8AE5-3195-A768-48CEBDAFB6ED}</UniqueIdentifier>
    </Filter>
    <Filter Include="opencv_gapi\Src\common">
      <UniqueIdentifier>{A877107E-FCBD-3126-85DE-41A58713EA96}</UniqueIdentifier>
    </Filter>
    <Filter Include="opencv_gapi\Src\cpu">
      <UniqueIdentifier>{261C6846-5F17-349B-A382-57750283E5F6}</UniqueIdentifier>
    </Filter>
    <Filter Include="opencv_gapi\Src\gpu">
      <UniqueIdentifier>{EAE5C7A0-A9E7-3E21-BAEF-DC61B860BA87}</UniqueIdentifier>
    </Filter>
    <Filter Include="opencv_gapi\Src\internal">
      <UniqueIdentifier>{1B306D42-F733-3346-8859-F0E390800B51}</UniqueIdentifier>
    </Filter>
    <Filter Include="opencv_gapi\Src\render">
      <UniqueIdentifier>{54490AC3-768C-3457-961D-A7955922B166}</UniqueIdentifier>
    </Filter>
    <Filter Include="opencv_gapi\Src\streaming">
      <UniqueIdentifier>{3FB67803-F7C6-30C2-86FE-949A2BF97F14}</UniqueIdentifier>
    </Filter>
  </ItemGroup>
</Project>
