<?xml version="1.0" encoding="utf-8"?>
<Project ToolsVersion="17.0" xmlns="http://schemas.microsoft.com/developer/msbuild/2003">
  <ItemGroup>
    <CustomBuild Include="C:\opencv\build\CMakeFiles\74f772b6078667d65c4ddbd122cde713\INSTALL_force.rule">
      <Filter>CMake Rules</Filter>
    </CustomBuild>
  </ItemGroup>
  <ItemGroup>
    <Filter Include="CMake Rules">
      <UniqueIdentifier>{65EC1F5C-6D6B-3800-8F8B-EB2FC3BE3931}</UniqueIdentifier>
    </Filter>
  </ItemGroup>
</Project>
